// !$*UTF8*$!
{
	archiveVersion = 1;
	classes = {
	};
	objectVersion = 55;
	objects = {

/* Begin PBXBuildFile section */
		8908CC24281FBF5B00DFF425 /* WordleViewController.swift in Sources */ = {isa = PBXBuildFile; fileRef = 8908CC23281FBF5B00DFF425 /* WordleViewController.swift */; };
		8908CC26281FC32F00DFF425 /* MemoryViewController.swift in Sources */ = {isa = PBXBuildFile; fileRef = 8908CC25281FC32E00DFF425 /* MemoryViewController.swift */; };
		8908CC28281FC46A00DFF425 /* MysteryViewController.swift in Sources */ = {isa = PBXBuildFile; fileRef = 8908CC27281FC46A00DFF425 /* MysteryViewController.swift */; };
		8948B10A27EE643F00345AAD /* AppDelegate.swift in Sources */ = {isa = PBXBuildFile; fileRef = 8948B10927EE643F00345AAD /* AppDelegate.swift */; };
		8948B10C27EE643F00345AAD /* SceneDelegate.swift in Sources */ = {isa = PBXBuildFile; fileRef = 8948B10B27EE643F00345AAD /* SceneDelegate.swift */; };
		8948B10E27EE643F00345AAD /* ViewController.swift in Sources */ = {isa = PBXBuildFile; fileRef = 8948B10D27EE643F00345AAD /* ViewController.swift */; };
		8948B11127EE643F00345AAD /* Main.storyboard in Resources */ = {isa = PBXBuildFile; fileRef = 8948B10F27EE643F00345AAD /* Main.storyboard */; };
		8948B11327EE644200345AAD /* Assets.xcassets in Resources */ = {isa = PBXBuildFile; fileRef = 8948B11227EE644200345AAD /* Assets.xcassets */; };
		8948B11627EE644200345AAD /* LaunchScreen.storyboard in Resources */ = {isa = PBXBuildFile; fileRef = 8948B11427EE644200345AAD /* LaunchScreen.storyboard */; };
/* End PBXBuildFile section */

/* Begin PBXFileReference section */
		8908CC23281FBF5B00DFF425 /* WordleViewController.swift */ = {isa = PBXFileReference; lastKnownFileType = sourcecode.swift; path = WordleViewController.swift; sourceTree = "<group>"; };
		8908CC25281FC32E00DFF425 /* MemoryViewController.swift */ = {isa = PBXFileReference; lastKnownFileType = sourcecode.swift; path = MemoryViewController.swift; sourceTree = "<group>"; };
		8908CC27281FC46A00DFF425 /* MysteryViewController.swift */ = {isa = PBXFileReference; lastKnownFileType = sourcecode.swift; path = MysteryViewController.swift; sourceTree = "<group>"; };
		8948B10627EE643F00345AAD /* CrazyAlarm.app */ = {isa = PBXFileReference; explicitFileType = wrapper.application; includeInIndex = 0; path = CrazyAlarm.app; sourceTree = BUILT_PRODUCTS_DIR; };
		8948B10927EE643F00345AAD /* AppDelegate.swift */ = {isa = PBXFileReference; lastKnownFileType = sourcecode.swift; path = AppDelegate.swift; sourceTree = "<group>"; };
		8948B10B27EE643F00345AAD /* SceneDelegate.swift */ = {isa = PBXFileReference; lastKnownFileType = sourcecode.swift; path = SceneDelegate.swift; sourceTree = "<group>"; };
		8948B10D27EE643F00345AAD /* ViewController.swift */ = {isa = PBXFileReference; lastKnownFileType = sourcecode.swift; path = ViewController.swift; sourceTree = "<group>"; };
		8948B11027EE643F00345AAD /* Base */ = {isa = PBXFileReference; lastKnownFileType = file.storyboard; name = Base; path = Base.lproj/Main.storyboard; sourceTree = "<group>"; };
		8948B11227EE644200345AAD /* Assets.xcassets */ = {isa = PBXFileReference; lastKnownFileType = folder.assetcatalog; path = Assets.xcassets; sourceTree = "<group>"; };
		8948B11527EE644200345AAD /* Base */ = {isa = PBXFileReference; lastKnownFileType = file.storyboard; name = Base; path = Base.lproj/LaunchScreen.storyboard; sourceTree = "<group>"; };
		8948B11727EE644200345AAD /* Info.plist */ = {isa = PBXFileReference; lastKnownFileType = text.plist.xml; path = Info.plist; sourceTree = "<group>"; };
/* End PBXFileReference section */

/* Begin PBXFrameworksBuildPhase section */
		8948B10327EE643F00345AAD /* Frameworks */ = {
			isa = PBXFrameworksBuildPhase;
			buildActionMask = 2147483647;
			files = (
			);
			runOnlyForDeploymentPostprocessing = 0;
		};
/* End PBXFrameworksBuildPhase section */

/* Begin PBXGroup section */
		8948B0FD27EE643F00345AAD = {
			isa = PBXGroup;
			children = (
				8948B10827EE643F00345AAD /* CrazyAlarm */,
				8948B10727EE643F00345AAD /* Products */,
			);
			sourceTree = "<group>";
		};
		8948B10727EE643F00345AAD /* Products */ = {
			isa = PBXGroup;
			children = (
				8948B10627EE643F00345AAD /* CrazyAlarm.app */,
			);
			name = Products;
			sourceTree = "<group>";
		};
		8948B10827EE643F00345AAD /* CrazyAlarm */ = {
			isa = PBXGroup;
			children = (
				8948B10927EE643F00345AAD /* AppDelegate.swift */,
				8908CC23281FBF5B00DFF425 /* WordleViewController.swift */,
				8948B10B27EE643F00345AAD /* SceneDelegate.swift */,
				8948B10D27EE643F00345AAD /* ViewController.swift */,
				8948B10F27EE643F00345AAD /* Main.storyboard */,
				8908CC27281FC46A00DFF425 /* MysteryViewController.swift */,
				8908CC25281FC32E00DFF425 /* MemoryViewController.swift */,
				8948B11227EE644200345AAD /* Assets.xcassets */,
				8948B11427EE644200345AAD /* LaunchScreen.storyboard */,
				8948B11727EE644200345AAD /* Info.plist */,
			);
			path = CrazyAlarm;
			sourceTree = "<group>";
		};
/* End PBXGroup section */

/* Begin PBXNativeTarget section */
		8948B10527EE643F00345AAD /* CrazyAlarm */ = {
			isa = PBXNativeTarget;
			buildConfigurationList = 8948B11A27EE644200345AAD /* Build configuration list for PBXNativeTarget "CrazyAlarm" */;
			buildPhases = (
				8948B10227EE643F00345AAD /* Sources */,
				8948B10327EE643F00345AAD /* Frameworks */,
				8948B10427EE643F00345AAD /* Resources */,
			);
			buildRules = (
			);
			dependencies = (
			);
			name = CrazyAlarm;
			productName = CrazyAlarm;
			productReference = 8948B10627EE643F00345AAD /* CrazyAlarm.app */;
			productType = "com.apple.product-type.application";
		};
/* End PBXNativeTarget section */

/* Begin PBXProject section */
		8948B0FE27EE643F00345AAD /* Project object */ = {
			isa = PBXProject;
			attributes = {
				BuildIndependentTargetsInParallel = 1;
				LastSwiftUpdateCheck = 1320;
				LastUpgradeCheck = 1320;
				TargetAttributes = {
					8948B10527EE643F00345AAD = {
						CreatedOnToolsVersion = 13.2.1;
					};
				};
			};
			buildConfigurationList = 8948B10127EE643F00345AAD /* Build configuration list for PBXProject "CrazyAlarm" */;
			compatibilityVersion = "Xcode 13.0";
			developmentRegion = en;
			hasScannedForEncodings = 0;
			knownRegions = (
				en,
				Base,
			);
			mainGroup = 8948B0FD27EE643F00345AAD;
			productRefGroup = 8948B10727EE643F00345AAD /* Products */;
			projectDirPath = "";
			projectRoot = "";
			targets = (
				8948B10527EE643F00345AAD /* CrazyAlarm */,
			);
		};
/* End PBXProject section */

/* Begin PBXResourcesBuildPhase section */
		8948B10427EE643F00345AAD /* Resources */ = {
			isa = PBXResourcesBuildPhase;
			buildActionMask = 2147483647;
			files = (
				8948B11627EE644200345AAD /* LaunchScreen.storyboard in Resources */,
				8948B11327EE644200345AAD /* Assets.xcassets in Resources */,
				8948B11127EE643F00345AAD /* Main.storyboard in Resources */,
			);
			runOnlyForDeploymentPostprocessing = 0;
		};
/* End PBXResourcesBuildPhase section */

/* Begin PBXSourcesBuildPhase section */
		8948B10227EE643F00345AAD /* Sources */ = {
			isa = PBXSourcesBuildPhase;
			buildActionMask = 2147483647;
			files = (
				8908CC28281FC46A00DFF425 /* MysteryViewController.swift in Sources */,
				8948B10E27EE643F00345AAD /* ViewController.swift in Sources */,
				8908CC24281FBF5B00DFF425 /* WordleViewController.swift in Sources */,
				8948B10A27EE643F00345AAD /* AppDelegate.swift in Sources */,
				8948B10C27EE643F00345AAD /* SceneDelegate.swift in Sources */,
				8908CC26281FC32F00DFF425 /* MemoryViewController.swift in Sources */,
			);
			runOnlyForDeploymentPostprocessing = 0;
		};
/* End PBXSourcesBuildPhase section */

/* Begin PBXVariantGroup section */
		8948B10F27EE643F00345AAD /* Main.storyboard */ = {
			isa = PBXVariantGroup;
			children = (
				8948B11027EE643F00345AAD /* Base */,
			);
			name = Main.storyboard;
			sourceTree = "<group>";
		};
		8948B11427EE644200345AAD /* LaunchScreen.storyboard */ = {
			isa = PBXVariantGroup;
			children = (
				8948B11527EE644200345AAD /* Base */,
			);
			name = LaunchScreen.storyboard;
			sourceTree = "<group>";
		};
/* End PBXVariantGroup section */

/* Begin XCBuildConfiguration section */
		8948B11827EE644200345AAD /* Debug */ = {
			isa = XCBuildConfiguration;
			buildSettings = {
				ALWAYS_SEARCH_USER_PATHS = NO;
				CLANG_ANALYZER_NONNULL = YES;
				CLANG_ANALYZER_NUMBER_OBJECT_CONVERSION = YES_AGGRESSIVE;
				CLANG_CXX_LANGUAGE_STANDARD = "gnu++17";
				CLANG_CXX_LIBRARY = "libc++";
				CLANG_ENABLE_MODULES = YES;
				CLANG_ENABLE_OBJC_ARC = YES;
				CLANG_ENABLE_OBJC_WEAK = YES;
				CLANG_WARN_BLOCK_CAPTURE_AUTORELEASING = YES;
				CLANG_WARN_BOOL_CONVERSION = YES;
				CLANG_WARN_COMMA = YES;
				CLANG_WARN_CONSTANT_CONVERSION = YES;
				CLANG_WARN_DEPRECATED_OBJC_IMPLEMENTATIONS = YES;
				CLANG_WARN_DIRECT_OBJC_ISA_USAGE = YES_ERROR;
				CLANG_WARN_DOCUMENTATION_COMMENTS = YES;
				CLANG_WARN_EMPTY_BODY = YES;
				CLANG_WARN_ENUM_CONVERSION = YES;
				CLANG_WARN_INFINITE_RECURSION = YES;
				CLANG_WARN_INT_CONVERSION = YES;
				CLANG_WARN_NON_LITERAL_NULL_CONVERSION = YES;
				CLANG_WARN_OBJC_IMPLICIT_RETAIN_SELF = YES;
				CLANG_WARN_OBJC_LITERAL_CONVERSION = YES;
				CLANG_WARN_OBJC_ROOT_CLASS = YES_ERROR;
				CLANG_WARN_QUOTED_INCLUDE_IN_FRAMEWORK_HEADER = YES;
				CLANG_WARN_RANGE_LOOP_ANALYSIS = YES;
				CLANG_WARN_STRICT_PROTOTYPES = YES;
				CLANG_WARN_SUSPICIOUS_MOVE = YES;
				CLANG_WARN_UNGUARDED_AVAILABILITY = YES_AGGRESSIVE;
				CLANG_WARN_UNREACHABLE_CODE = YES;
				CLANG_WARN__DUPLICATE_METHOD_MATCH = YES;
				COPY_PHASE_STRIP = NO;
				DEBUG_INFORMATION_FORMAT = dwarf;
				ENABLE_STRICT_OBJC_MSGSEND = YES;
				ENABLE_TESTABILITY = YES;
				GCC_C_LANGUAGE_STANDARD = gnu11;
				GCC_DYNAMIC_NO_PIC = NO;
				GCC_NO_COMMON_BLOCKS = YES;
				GCC_OPTIMIZATION_LEVEL = 0;
				GCC_PREPROCESSOR_DEFINITIONS = (
					"DEBUG=1",
					"$(inherited)",
				);
				GCC_WARN_64_TO_32_BIT_CONVERSION = YES;
				GCC_WARN_ABOUT_RETURN_TYPE = YES_ERROR;
				GCC_WARN_UNDECLARED_SELECTOR = YES;
				GCC_WARN_UNINITIALIZED_AUTOS = YES_AGGRESSIVE;
				GCC_WARN_UNUSED_FUNCTION = YES;
				GCC_WARN_UNUSED_VARIABLE = YES;
				IPHONEOS_DEPLOYMENT_TARGET = 15.2;
				MTL_ENABLE_DEBUG_INFO = INCLUDE_SOURCE;
				MTL_FAST_MATH = YES;
				ONLY_ACTIVE_ARCH = YES;
				SDKROOT = iphoneos;
				SWIFT_ACTIVE_COMPILATION_CONDITIONS = DEBUG;
				SWIFT_OPTIMIZATION_LEVEL = "-Onone";
			};
			name = Debug;
		};
		8948B11927EE644200345AAD /* Release */ = {
			isa = XCBuildConfiguration;
			buildSettings = {
				ALWAYS_SEARCH_USER_PATHS = NO;
				CLANG_ANALYZER_NONNULL = YES;
				CLANG_ANALYZER_NUMBER_OBJECT_CONVERSION = YES_AGGRESSIVE;
				CLANG_CXX_LANGUAGE_STANDARD = "gnu++17";
				CLANG_CXX_LIBRARY = "libc++";
				CLANG_ENABLE_MODULES = YES;
				CLANG_ENABLE_OBJC_ARC = YES;
				CLANG_ENABLE_OBJC_WEAK = YES;
				CLANG_WARN_BLOCK_CAPTURE_AUTORELEASING = YES;
				CLANG_WARN_BOOL_CONVERSION = YES;
				CLANG_WARN_COMMA = YES;
				CLANG_WARN_CONSTANT_CONVERSION = YES;
				CLANG_WARN_DEPRECATED_OBJC_IMPLEMENTATIONS = YES;
				CLANG_WARN_DIRECT_OBJC_ISA_USAGE = YES_ERROR;
				CLANG_WARN_DOCUMENTATION_COMMENTS = YES;
				CLANG_WARN_EMPTY_BODY = YES;
				CLANG_WARN_ENUM_CONVERSION = YES;
				CLANG_WARN_INFINITE_RECURSION = YES;
				CLANG_WARN_INT_CONVERSION = YES;
				CLANG_WARN_NON_LITERAL_NULL_CONVERSION = YES;
				CLANG_WARN_OBJC_IMPLICIT_RETAIN_SELF = YES;
				CLANG_WARN_OBJC_LITERAL_CONVERSION = YES;
				CLANG_WARN_OBJC_ROOT_CLASS = YES_ERROR;
				CLANG_WARN_QUOTED_INCLUDE_IN_FRAMEWORK_HEADER = YES;
				CLANG_WARN_RANGE_LOOP_ANALYSIS = YES;
				CLANG_WARN_STRICT_PROTOTYPES = YES;
				CLANG_WARN_SUSPICIOUS_MOVE = YES;
				CLANG_WARN_UNGUARDED_AVAILABILITY = YES_AGGRESSIVE;
				CLANG_WARN_UNREACHABLE_CODE = YES;
				CLANG_WARN__DUPLICATE_METHOD_MATCH = YES;
				COPY_PHASE_STRIP = NO;
				DEBUG_INFORMATION_FORMAT = "dwarf-with-dsym";
				ENABLE_NS_ASSERTIONS = NO;
				ENABLE_STRICT_OBJC_MSGSEND = YES;
				GCC_C_LANGUAGE_STANDARD = gnu11;
				GCC_NO_COMMON_BLOCKS = YES;
				GCC_WARN_64_TO_32_BIT_CONVERSION = YES;
				GCC_WARN_ABOUT_RETURN_TYPE = YES_ERROR;
				GCC_WARN_UNDECLARED_SELECTOR = YES;
				GCC_WARN_UNINITIALIZED_AUTOS = YES_AGGRESSIVE;
				GCC_WARN_UNUSED_FUNCTION = YES;
				GCC_WARN_UNUSED_VARIABLE = YES;
				IPHONEOS_DEPLOYMENT_TARGET = 15.2;
				MTL_ENABLE_DEBUG_INFO = NO;
				MTL_FAST_MATH = YES;
				SDKROOT = iphoneos;
				SWIFT_COMPILATION_MODE = wholemodule;
				SWIFT_OPTIMIZATION_LEVEL = "-O";
				VALIDATE_PRODUCT = YES;
			};
			name = Release;
		};
		8948B11B27EE644200345AAD /* Debug */ = {
			isa = XCBuildConfiguration;
			buildSettings = {
				ASSETCATALOG_COMPILER_APPICON_NAME = AppIcon;
				ASSETCATALOG_COMPILER_GLOBAL_ACCENT_COLOR_NAME = AccentColor;
				CODE_SIGN_STYLE = Automatic;
				CURRENT_PROJECT_VERSION = 1;
				DEVELOPMENT_TEAM = VGJMJ5SKVL;
				GENERATE_INFOPLIST_FILE = YES;
				INFOPLIST_FILE = CrazyAlarm/Info.plist;
				INFOPLIST_KEY_UIApplicationSupportsIndirectInputEvents = YES;
				INFOPLIST_KEY_UILaunchStoryboardName = LaunchScreen;
				INFOPLIST_KEY_UIMainStoryboardFile = Main;
				INFOPLIST_KEY_UISupportedInterfaceOrientations_iPad = "UIInterfaceOrientationPortrait UIInterfaceOrientationPortraitUpsideDown UIInterfaceOrientationLandscapeLeft UIInterfaceOrientationLandscapeRight";
				INFOPLIST_KEY_UISupportedInterfaceOrientations_iPhone = "UIInterfaceOrientationPortrait UIInterfaceOrientationLandscapeLeft UIInterfaceOrientationLandscapeRight";
				LD_RUNPATH_SEARCH_PATHS = (
					"$(inherited)",
					"@executable_path/Frameworks",
				);
				MARKETING_VERSION = 1.0;
				PRODUCT_BUNDLE_IDENTIFIER = com.vkduong.CrazyAlarm;
				PRODUCT_NAME = "$(TARGET_NAME)";
				SWIFT_EMIT_LOC_STRINGS = YES;
				SWIFT_VERSION = 5.0;
				TARGETED_DEVICE_FAMILY = "1,2";
			};
			name = Debug;
		};
		8948B11C27EE644200345AAD /* Release */ = {
			isa = XCBuildConfiguration;
			buildSettings = {
				ASSETCATALOG_COMPILER_APPICON_NAME = AppIcon;
				ASSETCATALOG_COMPILER_GLOBAL_ACCENT_COLOR_NAME = AccentColor;
				CODE_SIGN_STYLE = Automatic;
				CURRENT_PROJECT_VERSION = 1;
				DEVELOPMENT_TEAM = VGJMJ5SKVL;
				GENERATE_INFOPLIST_FILE = YES;
				INFOPLIST_FILE = CrazyAlarm/Info.plist;
				INFOPLIST_KEY_UIApplicationSupportsIndirectInputEvents = YES;
				INFOPLIST_KEY_UILaunchStoryboardName = LaunchScreen;
				INFOPLIST_KEY_UIMainStoryboardFile = Main;
				INFOPLIST_KEY_UISupportedInterfaceOrientations_iPad = "UIInterfaceOrientationPortrait UIInterfaceOrientationPortraitUpsideDown UIInterfaceOrientationLandscapeLeft UIInterfaceOrientationLandscapeRight";
				INFOPLIST_KEY_UISupportedInterfaceOrientations_iPhone = "UIInterfaceOrientationPortrait UIInterfaceOrientationLandscapeLeft UIInterfaceOrientationLandscapeRight";
				LD_RUNPATH_SEARCH_PATHS = (
					"$(inherited)",
					"@executable_path/Frameworks",
				);
				MARKETING_VERSION = 1.0;
				PRODUCT_BUNDLE_IDENTIFIER = com.vkduong.CrazyAlarm;
				PRODUCT_NAME = "$(TARGET_NAME)";
				SWIFT_EMIT_LOC_STRINGS = YES;
				SWIFT_VERSION = 5.0;
				TARGETED_DEVICE_FAMILY = "1,2";
			};
			name = Release;
		};
/* End XCBuildConfiguration section */

/* Begin XCConfigurationList section */
		8948B10127EE643F00345AAD /* Build configuration list for PBXProject "CrazyAlarm" */ = {
			isa = XCConfigurationList;
			buildConfigurations = (
				8948B11827EE644200345AAD /* Debug */,
				8948B11927EE644200345AAD /* Release */,
			);
			defaultConfigurationIsVisible = 0;
			defaultConfigurationName = Release;
		};
		8948B11A27EE644200345AAD /* Build configuration list for PBXNativeTarget "CrazyAlarm" */ = {
			isa = XCConfigurationList;
			buildConfigurations = (
				8948B11B27EE644200345AAD /* Debug */,
				8948B11C27EE644200345AAD /* Release */,
			);
			defaultConfigurationIsVisible = 0;
			defaultConfigurationName = Release;
		};
/* End XCConfigurationList section */
	};
	rootObject = 8948B0FE27EE643F00345AAD /* Project object */;
}
